
Microsoft Visual Studio Solution File, Format Version 12.00
# Visual Studio Version 16
VisualStudioVersion = 16.0.30204.135
MinimumVisualStudioVersion = 10.0.40219.1
Project("{9A19103F-16F7-4668-BE54-9A1E7A4F7556}") = "TDMarketDataFunctionApp", "TDMarketDataFunctionApp\TDMarketDataFunctionApp.csproj", "{2BC2E075-60C0-4015-944C-1DD8786F0958}"
EndProject
Project("{9A19103F-16F7-4668-BE54-9A1E7A4F7556}") = "TDMarketData.Domain", "TDMarketData.Domain\TDMarketData.Domain.csproj", "{7025C587-8CDF-447E-B860-66014A93EDC9}"
EndProject
Project("{9A19103F-16F7-4668-BE54-9A1E7A4F7556}") = "TDMarketData.Service", "TDMarketData.Service\TDMarketData.Service.csproj", "{7EF01F22-C81B-472F-B838-12F2291E8B9D}"
EndProject
Project("{FAE04EC0-301F-11D3-BF4B-00C04F79EFBC}") = "TDMarketData.Test", "TDMarketData.Test\TDMarketData.Test.csproj", "{51DC79C0-8C01-4EC4-8AB2-468650D63385}"
EndProject
Global
	GlobalSection(SolutionConfigurationPlatforms) = preSolution
		Debug|Any CPU = Debug|Any CPU
		Release|Any CPU = Release|Any CPU
	EndGlobalSection
	GlobalSection(ProjectConfigurationPlatforms) = postSolution
		{2BC2E075-60C0-4015-944C-1DD8786F0958}.Debug|Any CPU.ActiveCfg = Debug|Any CPU
		{2BC2E075-60C0-4015-944C-1DD8786F0958}.Debug|Any CPU.Build.0 = Debug|Any CPU
		{2BC2E075-60C0-4015-944C-1DD8786F0958}.Release|Any CPU.ActiveCfg = Release|Any CPU
		{2BC2E075-60C0-4015-944C-1DD8786F0958}.Release|Any CPU.Build.0 = Release|Any CPU
		{7025C587-8CDF-447E-B860-66014A93EDC9}.Debug|Any CPU.ActiveCfg = Debug|Any CPU
		{7025C587-8CDF-447E-B860-66014A93EDC9}.Debug|Any CPU.Build.0 = Debug|Any CPU
		{7025C587-8CDF-447E-B860-66014A93EDC9}.Release|Any CPU.ActiveCfg = Release|Any CPU
		{7025C587-8CDF-447E-B860-66014A93EDC9}.Release|Any CPU.Build.0 = Release|Any CPU
		{7EF01F22-C81B-472F-B838-12F2291E8B9D}.Debug|Any CPU.ActiveCfg = Debug|Any CPU
		{7EF01F22-C81B-472F-B838-12F2291E8B9D}.Debug|Any CPU.Build.0 = Debug|Any CPU
		{7EF01F22-C81B-472F-B838-12F2291E8B9D}.Release|Any CPU.ActiveCfg = Release|Any CPU
		{7EF01F22-C81B-472F-B838-12F2291E8B9D}.Release|Any CPU.Build.0 = Release|Any CPU
		{51DC79C0-8C01-4EC4-8AB2-468650D63385}.Debug|Any CPU.ActiveCfg = Debug|Any CPU
		{51DC79C0-8C01-4EC4-8AB2-468650D63385}.Debug|Any CPU.Build.0 = Debug|Any CPU
		{51DC79C0-8C01-4EC4-8AB2-468650D63385}.Release|Any CPU.ActiveCfg = Release|Any CPU
		{51DC79C0-8C01-4EC4-8AB2-468650D63385}.Release|Any CPU.Build.0 = Release|Any CPU
	EndGlobalSection
	GlobalSection(SolutionProperties) = preSolution
		HideSolutionNode = FALSE
	EndGlobalSection
	GlobalSection(ExtensibilityGlobals) = postSolution
		SolutionGuid = {815511A4-7B6F-4B63-9A94-446853AD2337}
	EndGlobalSection
EndGlobal
