
Microsoft Visual Studio Solution File, Format Version 12.00
# Visual Studio Version 16
VisualStudioVersion = 16.0.30204.135
MinimumVisualStudioVersion = 10.0.40219.1
Project("{9A19103F-16F7-4668-BE54-9A1E7A4F7556}") = "TDMarketDataFunctionApp", "TDMarketDataFunctionApp\TDMarketDataFunctionApp.csproj", "{2BC2E075-60C0-4015-944C-1DD8786F0958}"
EndProject
Project("{9A19103F-16F7-4668-BE54-9A1E7A4F7556}") = "TDMarketData.Domain", "TDMarketData.Domain\TDMarketData.Domain.csproj", "{7025C587-8CDF-447E-B860-66014A93EDC9}"
EndProject
Project("{9A19103F-16F7-4668-BE54-9A1E7A4F7556}") = "TDMarketData.Service", "TDMarketData.Service\TDMarketData.Service.csproj", "{7EF01F22-C81B-472F-B838-12F2291E8B9D}"
EndProject
Project("{9A19103F-16F7-4668-BE54-9A1E7A4F7556}") = "TDMarketData.Test", "TDMarketData.Test\TDMarketData.Test.csproj", "{51DC79C0-8C01-4EC4-8AB2-468650D63385}"
EndProject
Project("{9A19103F-16F7-4668-BE54-9A1E7A4F7556}") = "TDMarketData.StreamingWebApp", "TDMarketData.StreamingWebApp\TDMarketData.StreamingWebApp.csproj", "{CFFEEA58-B325-4505-A215-4B2B29985652}"
EndProject
Project("{9A19103F-16F7-4668-BE54-9A1E7A4F7556}") = "TDMarketData.OptionsConsole", "TDMarketData.OptionsConsole\TDMarketData.OptionsConsole.csproj", "{F31A34F1-31F7-4C76-A83C-62E393FCB5E1}"
EndProject
Project("{9A19103F-16F7-4668-BE54-9A1E7A4F7556}") = "TDMarketData.BackTestingApi", "TDMarketData.BackTestingApi\TDMarketData.BackTestingApi.csproj", "{77E68352-EE00-402E-98E1-0C3829238B6B}"
EndProject
Project("{9A19103F-16F7-4668-BE54-9A1E7A4F7556}") = "TDMarketData.BackTesting.Data", "TDMarketData.BackTesting.Data\TDMarketData.BackTesting.Data.csproj", "{EA511301-C360-44D0-BFDB-037B9D50C563}"
EndProject
Project("{9A19103F-16F7-4668-BE54-9A1E7A4F7556}") = "TDMarketData.ETL", "TDMarketData.OptionTickerLoader\TDMarketData.ETL.csproj", "{5121AE91-A90F-4754-987F-EB979C879EB3}"
EndProject
Project("{9A19103F-16F7-4668-BE54-9A1E7A4F7556}") = "TDMarketData.PositionGenerator", "TDMarketData.PositionGenerator\TDMarketData.PositionGenerator.csproj", "{668D816E-D3ED-4E37-B48F-4E1ED78560ED}"
EndProject
Project("{9A19103F-16F7-4668-BE54-9A1E7A4F7556}") = "TDMarketData.Helpers", "TDMarketData.Helpers\TDMarketData.Helpers.csproj", "{80409611-51A2-4E2B-A944-2ACC097F690C}"
EndProject
Project("{FAE04EC0-301F-11D3-BF4B-00C04F79EFBC}") = "TDMarketData.PriceActionReplay", "TDMarketData.PriceActionReplay\TDMarketData.PriceActionReplay.csproj", "{3B3938B9-3EAB-4287-A483-AEC90F9818DF}"
EndProject
Global
	GlobalSection(SolutionConfigurationPlatforms) = preSolution
		Debug|Any CPU = Debug|Any CPU
		Release|Any CPU = Release|Any CPU
	EndGlobalSection
	GlobalSection(ProjectConfigurationPlatforms) = postSolution
		{2BC2E075-60C0-4015-944C-1DD8786F0958}.Debug|Any CPU.ActiveCfg = Debug|Any CPU
		{2BC2E075-60C0-4015-944C-1DD8786F0958}.Debug|Any CPU.Build.0 = Debug|Any CPU
		{2BC2E075-60C0-4015-944C-1DD8786F0958}.Release|Any CPU.ActiveCfg = Release|Any CPU
		{2BC2E075-60C0-4015-944C-1DD8786F0958}.Release|Any CPU.Build.0 = Release|Any CPU
		{7025C587-8CDF-447E-B860-66014A93EDC9}.Debug|Any CPU.ActiveCfg = Debug|Any CPU
		{7025C587-8CDF-447E-B860-66014A93EDC9}.Debug|Any CPU.Build.0 = Debug|Any CPU
		{7025C587-8CDF-447E-B860-66014A93EDC9}.Release|Any CPU.ActiveCfg = Release|Any CPU
		{7025C587-8CDF-447E-B860-66014A93EDC9}.Release|Any CPU.Build.0 = Release|Any CPU
		{7EF01F22-C81B-472F-B838-12F2291E8B9D}.Debug|Any CPU.ActiveCfg = Debug|Any CPU
		{7EF01F22-C81B-472F-B838-12F2291E8B9D}.Debug|Any CPU.Build.0 = Debug|Any CPU
		{7EF01F22-C81B-472F-B838-12F2291E8B9D}.Release|Any CPU.ActiveCfg = Release|Any CPU
		{7EF01F22-C81B-472F-B838-12F2291E8B9D}.Release|Any CPU.Build.0 = Release|Any CPU
		{51DC79C0-8C01-4EC4-8AB2-468650D63385}.Debug|Any CPU.ActiveCfg = Debug|Any CPU
		{51DC79C0-8C01-4EC4-8AB2-468650D63385}.Debug|Any CPU.Build.0 = Debug|Any CPU
		{51DC79C0-8C01-4EC4-8AB2-468650D63385}.Release|Any CPU.ActiveCfg = Release|Any CPU
		{51DC79C0-8C01-4EC4-8AB2-468650D63385}.Release|Any CPU.Build.0 = Release|Any CPU
		{CFFEEA58-B325-4505-A215-4B2B29985652}.Debug|Any CPU.ActiveCfg = Debug|Any CPU
		{CFFEEA58-B325-4505-A215-4B2B29985652}.Debug|Any CPU.Build.0 = Debug|Any CPU
		{CFFEEA58-B325-4505-A215-4B2B29985652}.Release|Any CPU.ActiveCfg = Release|Any CPU
		{CFFEEA58-B325-4505-A215-4B2B29985652}.Release|Any CPU.Build.0 = Release|Any CPU
		{F31A34F1-31F7-4C76-A83C-62E393FCB5E1}.Debug|Any CPU.ActiveCfg = Debug|Any CPU
		{F31A34F1-31F7-4C76-A83C-62E393FCB5E1}.Debug|Any CPU.Build.0 = Debug|Any CPU
		{F31A34F1-31F7-4C76-A83C-62E393FCB5E1}.Release|Any CPU.ActiveCfg = Release|Any CPU
		{F31A34F1-31F7-4C76-A83C-62E393FCB5E1}.Release|Any CPU.Build.0 = Release|Any CPU
		{77E68352-EE00-402E-98E1-0C3829238B6B}.Debug|Any CPU.ActiveCfg = Debug|Any CPU
		{77E68352-EE00-402E-98E1-0C3829238B6B}.Debug|Any CPU.Build.0 = Debug|Any CPU
		{77E68352-EE00-402E-98E1-0C3829238B6B}.Release|Any CPU.ActiveCfg = Release|Any CPU
		{77E68352-EE00-402E-98E1-0C3829238B6B}.Release|Any CPU.Build.0 = Release|Any CPU
		{EA511301-C360-44D0-BFDB-037B9D50C563}.Debug|Any CPU.ActiveCfg = Debug|Any CPU
		{EA511301-C360-44D0-BFDB-037B9D50C563}.Debug|Any CPU.Build.0 = Debug|Any CPU
		{EA511301-C360-44D0-BFDB-037B9D50C563}.Release|Any CPU.ActiveCfg = Release|Any CPU
		{EA511301-C360-44D0-BFDB-037B9D50C563}.Release|Any CPU.Build.0 = Release|Any CPU
		{5121AE91-A90F-4754-987F-EB979C879EB3}.Debug|Any CPU.ActiveCfg = Debug|Any CPU
		{5121AE91-A90F-4754-987F-EB979C879EB3}.Debug|Any CPU.Build.0 = Debug|Any CPU
		{5121AE91-A90F-4754-987F-EB979C879EB3}.Release|Any CPU.ActiveCfg = Release|Any CPU
		{5121AE91-A90F-4754-987F-EB979C879EB3}.Release|Any CPU.Build.0 = Release|Any CPU
		{668D816E-D3ED-4E37-B48F-4E1ED78560ED}.Debug|Any CPU.ActiveCfg = Debug|Any CPU
		{668D816E-D3ED-4E37-B48F-4E1ED78560ED}.Debug|Any CPU.Build.0 = Debug|Any CPU
		{668D816E-D3ED-4E37-B48F-4E1ED78560ED}.Release|Any CPU.ActiveCfg = Release|Any CPU
		{668D816E-D3ED-4E37-B48F-4E1ED78560ED}.Release|Any CPU.Build.0 = Release|Any CPU
		{80409611-51A2-4E2B-A944-2ACC097F690C}.Debug|Any CPU.ActiveCfg = Debug|Any CPU
		{80409611-51A2-4E2B-A944-2ACC097F690C}.Debug|Any CPU.Build.0 = Debug|Any CPU
		{80409611-51A2-4E2B-A944-2ACC097F690C}.Release|Any CPU.ActiveCfg = Release|Any CPU
		{80409611-51A2-4E2B-A944-2ACC097F690C}.Release|Any CPU.Build.0 = Release|Any CPU
		{3B3938B9-3EAB-4287-A483-AEC90F9818DF}.Debug|Any CPU.ActiveCfg = Debug|Any CPU
		{3B3938B9-3EAB-4287-A483-AEC90F9818DF}.Debug|Any CPU.Build.0 = Debug|Any CPU
		{3B3938B9-3EAB-4287-A483-AEC90F9818DF}.Release|Any CPU.ActiveCfg = Release|Any CPU
		{3B3938B9-3EAB-4287-A483-AEC90F9818DF}.Release|Any CPU.Build.0 = Release|Any CPU
	EndGlobalSection
	GlobalSection(SolutionProperties) = preSolution
		HideSolutionNode = FALSE
	EndGlobalSection
	GlobalSection(ExtensibilityGlobals) = postSolution
		SolutionGuid = {815511A4-7B6F-4B63-9A94-446853AD2337}
	EndGlobalSection
EndGlobal
